
Microsoft Visual Studio Solution File, Format Version 12.00
# Visual Studio Version 17
VisualStudioVersion = 17.1.32210.238
MinimumVisualStudioVersion = 10.0.40219.1
Project("{FAE04EC0-301F-11D3-BF4B-00C04F79EFBC}") = "LAB1SEM2_NOTEBOOK", "LAB1SEM2_NOTEBOOK.csproj", "{1E83144B-D35F-4744-A4FC-5C99C7FED1BE}"
EndProject
Global
	GlobalSection(SolutionConfigurationPlatforms) = preSolution
		Debug|Any CPU = Debug|Any CPU
		Release|Any CPU = Release|Any CPU
	EndGlobalSection
	GlobalSection(ProjectConfigurationPlatforms) = postSolution
		{1E83144B-D35F-4744-A4FC-5C99C7FED1BE}.Debug|Any CPU.ActiveCfg = Debug|Any CPU
		{1E83144B-D35F-4744-A4FC-5C99C7FED1BE}.Debug|Any CPU.Build.0 = Debug|Any CPU
		{1E83144B-D35F-4744-A4FC-5C99C7FED1BE}.Release|Any CPU.ActiveCfg = Release|Any CPU
		{1E83144B-D35F-4744-A4FC-5C99C7FED1BE}.Release|Any CPU.Build.0 = Release|Any CPU
	EndGlobalSection
	GlobalSection(SolutionProperties) = preSolution
		HideSolutionNode = FALSE
	EndGlobalSection
	GlobalSection(ExtensibilityGlobals) = postSolution
		SolutionGuid = {EFBC9EED-76F4-4242-90B5-A610BD6E8CFA}
	EndGlobalSection
EndGlobal
